
Microsoft Visual Studio Solution File, Format Version 12.00
# Visual Studio Version 16
VisualStudioVersion = 16.0.31729.503
MinimumVisualStudioVersion = 10.0.40219.1
Project("{FAE04EC0-301F-11D3-BF4B-00C04F79EFBC}") = "WebApplication1", "WebApplication1\WebApplication1.csproj", "{4FCF043F-E0AB-4E3D-97D5-89A265D18E58}"
EndProject
Global
	GlobalSection(SolutionConfigurationPlatforms) = preSolution
		Debug|Any CPU = Debug|Any CPU
		Release|Any CPU = Release|Any CPU
	EndGlobalSection
	GlobalSection(ProjectConfigurationPlatforms) = postSolution
		{4FCF043F-E0AB-4E3D-97D5-89A265D18E58}.Debug|Any CPU.ActiveCfg = Debug|Any CPU
		{4FCF043F-E0AB-4E3D-97D5-89A265D18E58}.Debug|Any CPU.Build.0 = Debug|Any CPU
		{4FCF043F-E0AB-4E3D-97D5-89A265D18E58}.Release|Any CPU.ActiveCfg = Release|Any CPU
		{4FCF043F-E0AB-4E3D-97D5-89A265D18E58}.Release|Any CPU.Build.0 = Release|Any CPU
	EndGlobalSection
	GlobalSection(SolutionProperties) = preSolution
		HideSolutionNode = FALSE
	EndGlobalSection
	GlobalSection(ExtensibilityGlobals) = postSolution
		SolutionGuid = {056DA166-1964-4062-AB19-F19FCF085808}
	EndGlobalSection
EndGlobal
